
Microsoft Visual Studio Solution File, Format Version 12.00
# Visual Studio Version 17
VisualStudioVersion = 17.5.33424.131
MinimumVisualStudioVersion = 10.0.40219.1
Project("{9A19103F-16F7-4668-BE54-9A1E7A4F7556}") = "SimulacrumBossStageMod", "SimulacrumBossStageMod\SimulacrumBossStageMod.csproj", "{72130566-2537-48E7-A5A7-3D8A586F3B56}"
EndProject
Project("{9A19103F-16F7-4668-BE54-9A1E7A4F7556}") = "SimulacrumNormalStagesFix", "SimulacrumNormalStagesFix\SimulacrumNormalStagesFix.csproj", "{C1339ACF-CE72-453E-93AC-D846C0356F25}"
EndProject
Project("{9A19103F-16F7-4668-BE54-9A1E7A4F7556}") = "StartBonusMod", "StartBonusMod\StartBonusMod.csproj", "{021941A7-2AF1-442A-8059-0AECEF8EEB49}"
EndProject
Project("{9A19103F-16F7-4668-BE54-9A1E7A4F7556}") = "RoR2-ArtifactEvolutionPlusPlus", "RoR2-ArtifactEvolutionPlusPlus\RoR2-ArtifactEvolutionPlusPlus.csproj", "{3FC85E3D-5C8C-4F75-B808-8C984E19DB70}"
EndProject
Global
	GlobalSection(SolutionConfigurationPlatforms) = preSolution
		Debug|Any CPU = Debug|Any CPU
		Release|Any CPU = Release|Any CPU
	EndGlobalSection
	GlobalSection(ProjectConfigurationPlatforms) = postSolution
		{72130566-2537-48E7-A5A7-3D8A586F3B56}.Debug|Any CPU.ActiveCfg = Debug|Any CPU
		{72130566-2537-48E7-A5A7-3D8A586F3B56}.Debug|Any CPU.Build.0 = Debug|Any CPU
		{72130566-2537-48E7-A5A7-3D8A586F3B56}.Release|Any CPU.ActiveCfg = Release|Any CPU
		{72130566-2537-48E7-A5A7-3D8A586F3B56}.Release|Any CPU.Build.0 = Release|Any CPU
		{C1339ACF-CE72-453E-93AC-D846C0356F25}.Debug|Any CPU.ActiveCfg = Debug|Any CPU
		{C1339ACF-CE72-453E-93AC-D846C0356F25}.Debug|Any CPU.Build.0 = Debug|Any CPU
		{C1339ACF-CE72-453E-93AC-D846C0356F25}.Release|Any CPU.ActiveCfg = Release|Any CPU
		{C1339ACF-CE72-453E-93AC-D846C0356F25}.Release|Any CPU.Build.0 = Release|Any CPU
		{021941A7-2AF1-442A-8059-0AECEF8EEB49}.Debug|Any CPU.ActiveCfg = Debug|Any CPU
		{021941A7-2AF1-442A-8059-0AECEF8EEB49}.Debug|Any CPU.Build.0 = Debug|Any CPU
		{021941A7-2AF1-442A-8059-0AECEF8EEB49}.Release|Any CPU.ActiveCfg = Release|Any CPU
		{021941A7-2AF1-442A-8059-0AECEF8EEB49}.Release|Any CPU.Build.0 = Release|Any CPU
		{3FC85E3D-5C8C-4F75-B808-8C984E19DB70}.Debug|Any CPU.ActiveCfg = Debug|Any CPU
		{3FC85E3D-5C8C-4F75-B808-8C984E19DB70}.Debug|Any CPU.Build.0 = Debug|Any CPU
		{3FC85E3D-5C8C-4F75-B808-8C984E19DB70}.Release|Any CPU.ActiveCfg = Release|Any CPU
		{3FC85E3D-5C8C-4F75-B808-8C984E19DB70}.Release|Any CPU.Build.0 = Release|Any CPU
	EndGlobalSection
	GlobalSection(SolutionProperties) = preSolution
		HideSolutionNode = FALSE
	EndGlobalSection
	GlobalSection(ExtensibilityGlobals) = postSolution
		SolutionGuid = {A449675B-BD19-49AE-BA37-E4EEAE30D772}
	EndGlobalSection
EndGlobal
